PackratFormat: 1.4
PackratVersion: 0.4.8.1
RVersion: 3.3.2
Repos: CRAN=https://cran.rstudio.com/

Package: BH
Source: CRAN
Version: 1.62.0-1
Hash: 14dfb3e8ffe20996118306ff4de1fab2

Package: DBI
Source: CRAN
Version: 0.5-1
Hash: 375869004db963f9915f2b8a49b4a718

Package: R6
Source: CRAN
Version: 2.2.0
Hash: 712773a3439bd32db5c40938e1a9aac2

Package: Rcpp
Source: CRAN
Version: 0.12.9
Hash: 7ab41cbe74918de8de87e435ef17e92d

Package: SuppDists
Source: CRAN
Version: 1.1-9.4
Hash: b7f6b9d24f9131ae5d180ea695828e8a

Package: assertthat
Source: CRAN
Version: 0.1
Hash: 0afb92b59b02593c70ff8046700ba9d3

Package: data.table
Source: CRAN
Version: 1.10.0
Hash: 3be20bb55823803066dce2a38d52cafb

Package: dplyr
Source: CRAN
Version: 0.5.0
Hash: 884482baf4ab273f2af5e641469f9ea4
Requires: BH, DBI, R6, Rcpp, assertthat, lazyeval, magrittr, tibble

Package: kSamples
Source: CRAN
Version: 1.2-4
Hash: de4b11130c4e882561fbaf63a53466ec
Requires: SuppDists

Package: lazyeval
Source: CRAN
Version: 0.2.0
Hash: 3d6e7608e65bbf5cb170dab1e3c9ed8b

Package: magrittr
Source: CRAN
Version: 1.5
Hash: bdc4d48c3135e8f3b399536ddf160df4

Package: packrat
Source: CRAN
Version: 0.4.8-1
Hash: 6ad605ba7b4b476d84be6632393f5765

Package: plyr
Source: CRAN
Version: 1.8.4
Hash: ce3897d2ea6dabdb2c0a217b25f5fe99
Requires: Rcpp

Package: pryr
Source: CRAN
Version: 0.1.2
Hash: d04239b7314171687d58ccd8a0570951
Requires: Rcpp, stringr

Package: reshape2
Source: CRAN
Version: 1.4.2
Hash: 85d9947f8a5e187dff7f18265b96cb13
Requires: Rcpp, plyr, stringr

Package: stringi
Source: CRAN
Version: 1.1.2
Hash: 1ad6b1cc11d982ac233bf2fa2f7c9684

Package: stringr
Source: CRAN
Version: 1.1.0
Hash: 4d21d0063b37a17ea18eaec6acd29bf3
Requires: magrittr, stringi

Package: tibble
Source: CRAN
Version: 1.2
Hash: 3857905737a164648031462bed6aa2ef
Requires: Rcpp, assertthat, lazyeval
